
Microsoft Visual Studio Solution File, Format Version 12.00
# Visual Studio 15
VisualStudioVersion = 15.0.26730.3
MinimumVisualStudioVersion = 10.0.40219.1
Project("{FAE04EC0-301F-11D3-BF4B-00C04F79EFBC}") = "Script", "Script\Script.csproj", "{0F200114-3D7A-4DEB-B6AB-FF87E683C699}"
EndProject
Project("{FAE04EC0-301F-11D3-BF4B-00C04F79EFBC}") = "Konsola", "Konsola\Konsola.csproj", "{0E0F36E9-D01A-44BA-82DB-26C698A52275}"
EndProject
Global
	GlobalSection(SolutionConfigurationPlatforms) = preSolution
		Debug|Any CPU = Debug|Any CPU
		Release|Any CPU = Release|Any CPU
	EndGlobalSection
	GlobalSection(ProjectConfigurationPlatforms) = postSolution
		{0F200114-3D7A-4DEB-B6AB-FF87E683C699}.Debug|Any CPU.ActiveCfg = Debug|Any CPU
		{0F200114-3D7A-4DEB-B6AB-FF87E683C699}.Debug|Any CPU.Build.0 = Debug|Any CPU
		{0F200114-3D7A-4DEB-B6AB-FF87E683C699}.Release|Any CPU.ActiveCfg = Release|Any CPU
		{0F200114-3D7A-4DEB-B6AB-FF87E683C699}.Release|Any CPU.Build.0 = Release|Any CPU
		{0E0F36E9-D01A-44BA-82DB-26C698A52275}.Debug|Any CPU.ActiveCfg = Debug|Any CPU
		{0E0F36E9-D01A-44BA-82DB-26C698A52275}.Debug|Any CPU.Build.0 = Debug|Any CPU
		{0E0F36E9-D01A-44BA-82DB-26C698A52275}.Release|Any CPU.ActiveCfg = Release|Any CPU
		{0E0F36E9-D01A-44BA-82DB-26C698A52275}.Release|Any CPU.Build.0 = Release|Any CPU
	EndGlobalSection
	GlobalSection(SolutionProperties) = preSolution
		HideSolutionNode = FALSE
	EndGlobalSection
	GlobalSection(ExtensibilityGlobals) = postSolution
		SolutionGuid = {A4C01716-9969-4476-B6BB-8D1E29B8A05B}
	EndGlobalSection
EndGlobal
